
Microsoft Visual Studio Solution File, Format Version 12.00
# Visual Studio Version 17
VisualStudioVersion = 17.0.32112.339
MinimumVisualStudioVersion = 10.0.40219.1
Project("{FAE04EC0-301F-11D3-BF4B-00C04F79EFBC}") = "CCSN.Android", "CCSN\CCSN.Android\CCSN.Android.csproj", "{D0D4CEDF-F92C-4B3B-83D9-95F26789A283}"
EndProject
Project("{FAE04EC0-301F-11D3-BF4B-00C04F79EFBC}") = "CCSN.iOS", "CCSN\CCSN.iOS\CCSN.iOS.csproj", "{D5B0EBDE-FDE3-4F47-AE82-27DA5DBB321F}"
EndProject
Project("{FAE04EC0-301F-11D3-BF4B-00C04F79EFBC}") = "CCSN", "CCSN\CCSN\CCSN.csproj", "{7426C692-ACB5-4809-A5CA-13450D687A2E}"
EndProject
Global
	GlobalSection(SolutionConfigurationPlatforms) = preSolution
		Debug|Any CPU = Debug|Any CPU
		Debug|iPhone = Debug|iPhone
		Debug|iPhoneSimulator = Debug|iPhoneSimulator
		Release|Any CPU = Release|Any CPU
		Release|iPhone = Release|iPhone
		Release|iPhoneSimulator = Release|iPhoneSimulator
	EndGlobalSection
	GlobalSection(ProjectConfigurationPlatforms) = postSolution
		{D0D4CEDF-F92C-4B3B-83D9-95F26789A283}.Debug|Any CPU.ActiveCfg = Debug|Any CPU
		{D0D4CEDF-F92C-4B3B-83D9-95F26789A283}.Debug|Any CPU.Build.0 = Debug|Any CPU
		{D0D4CEDF-F92C-4B3B-83D9-95F26789A283}.Debug|Any CPU.Deploy.0 = Debug|Any CPU
		{D0D4CEDF-F92C-4B3B-83D9-95F26789A283}.Debug|iPhone.ActiveCfg = Debug|Any CPU
		{D0D4CEDF-F92C-4B3B-83D9-95F26789A283}.Debug|iPhone.Build.0 = Debug|Any CPU
		{D0D4CEDF-F92C-4B3B-83D9-95F26789A283}.Debug|iPhone.Deploy.0 = Debug|Any CPU
		{D0D4CEDF-F92C-4B3B-83D9-95F26789A283}.Debug|iPhoneSimulator.ActiveCfg = Debug|Any CPU
		{D0D4CEDF-F92C-4B3B-83D9-95F26789A283}.Debug|iPhoneSimulator.Build.0 = Debug|Any CPU
		{D0D4CEDF-F92C-4B3B-83D9-95F26789A283}.Debug|iPhoneSimulator.Deploy.0 = Debug|Any CPU
		{D0D4CEDF-F92C-4B3B-83D9-95F26789A283}.Release|Any CPU.ActiveCfg = Release|Any CPU
		{D0D4CEDF-F92C-4B3B-83D9-95F26789A283}.Release|Any CPU.Build.0 = Release|Any CPU
		{D0D4CEDF-F92C-4B3B-83D9-95F26789A283}.Release|Any CPU.Deploy.0 = Release|Any CPU
		{D0D4CEDF-F92C-4B3B-83D9-95F26789A283}.Release|iPhone.ActiveCfg = Release|Any CPU
		{D0D4CEDF-F92C-4B3B-83D9-95F26789A283}.Release|iPhone.Build.0 = Release|Any CPU
		{D0D4CEDF-F92C-4B3B-83D9-95F26789A283}.Release|iPhone.Deploy.0 = Release|Any CPU
		{D0D4CEDF-F92C-4B3B-83D9-95F26789A283}.Release|iPhoneSimulator.ActiveCfg = Release|Any CPU
		{D0D4CEDF-F92C-4B3B-83D9-95F26789A283}.Release|iPhoneSimulator.Build.0 = Release|Any CPU
		{D0D4CEDF-F92C-4B3B-83D9-95F26789A283}.Release|iPhoneSimulator.Deploy.0 = Release|Any CPU
		{D5B0EBDE-FDE3-4F47-AE82-27DA5DBB321F}.Debug|Any CPU.ActiveCfg = Debug|iPhone
		{D5B0EBDE-FDE3-4F47-AE82-27DA5DBB321F}.Debug|Any CPU.Build.0 = Debug|iPhone
		{D5B0EBDE-FDE3-4F47-AE82-27DA5DBB321F}.Debug|Any CPU.Deploy.0 = Debug|iPhone
		{D5B0EBDE-FDE3-4F47-AE82-27DA5DBB321F}.Debug|iPhone.ActiveCfg = Debug|iPhone
		{D5B0EBDE-FDE3-4F47-AE82-27DA5DBB321F}.Debug|iPhone.Build.0 = Debug|iPhone
		{D5B0EBDE-FDE3-4F47-AE82-27DA5DBB321F}.Debug|iPhone.Deploy.0 = Debug|iPhone
		{D5B0EBDE-FDE3-4F47-AE82-27DA5DBB321F}.Debug|iPhoneSimulator.ActiveCfg = Debug|iPhoneSimulator
		{D5B0EBDE-FDE3-4F47-AE82-27DA5DBB321F}.Debug|iPhoneSimulator.Build.0 = Debug|iPhoneSimulator
		{D5B0EBDE-FDE3-4F47-AE82-27DA5DBB321F}.Debug|iPhoneSimulator.Deploy.0 = Debug|iPhoneSimulator
		{D5B0EBDE-FDE3-4F47-AE82-27DA5DBB321F}.Release|Any CPU.ActiveCfg = Release|iPhoneSimulator
		{D5B0EBDE-FDE3-4F47-AE82-27DA5DBB321F}.Release|Any CPU.Build.0 = Release|iPhoneSimulator
		{D5B0EBDE-FDE3-4F47-AE82-27DA5DBB321F}.Release|Any CPU.Deploy.0 = Release|iPhoneSimulator
		{D5B0EBDE-FDE3-4F47-AE82-27DA5DBB321F}.Release|iPhone.ActiveCfg = Release|iPhone
		{D5B0EBDE-FDE3-4F47-AE82-27DA5DBB321F}.Release|iPhone.Build.0 = Release|iPhone
		{D5B0EBDE-FDE3-4F47-AE82-27DA5DBB321F}.Release|iPhone.Deploy.0 = Release|iPhone
		{D5B0EBDE-FDE3-4F47-AE82-27DA5DBB321F}.Release|iPhoneSimulator.ActiveCfg = Release|iPhoneSimulator
		{D5B0EBDE-FDE3-4F47-AE82-27DA5DBB321F}.Release|iPhoneSimulator.Build.0 = Release|iPhoneSimulator
		{D5B0EBDE-FDE3-4F47-AE82-27DA5DBB321F}.Release|iPhoneSimulator.Deploy.0 = Release|iPhoneSimulator
		{7426C692-ACB5-4809-A5CA-13450D687A2E}.Debug|Any CPU.ActiveCfg = Debug|Any CPU
		{7426C692-ACB5-4809-A5CA-13450D687A2E}.Debug|Any CPU.Build.0 = Debug|Any CPU
		{7426C692-ACB5-4809-A5CA-13450D687A2E}.Debug|Any CPU.Deploy.0 = Debug|Any CPU
		{7426C692-ACB5-4809-A5CA-13450D687A2E}.Debug|iPhone.ActiveCfg = Debug|Any CPU
		{7426C692-ACB5-4809-A5CA-13450D687A2E}.Debug|iPhone.Build.0 = Debug|Any CPU
		{7426C692-ACB5-4809-A5CA-13450D687A2E}.Debug|iPhone.Deploy.0 = Debug|Any CPU
		{7426C692-ACB5-4809-A5CA-13450D687A2E}.Debug|iPhoneSimulator.ActiveCfg = Debug|Any CPU
		{7426C692-ACB5-4809-A5CA-13450D687A2E}.Debug|iPhoneSimulator.Build.0 = Debug|Any CPU
		{7426C692-ACB5-4809-A5CA-13450D687A2E}.Debug|iPhoneSimulator.Deploy.0 = Debug|Any CPU
		{7426C692-ACB5-4809-A5CA-13450D687A2E}.Release|Any CPU.ActiveCfg = Release|Any CPU
		{7426C692-ACB5-4809-A5CA-13450D687A2E}.Release|Any CPU.Build.0 = Release|Any CPU
		{7426C692-ACB5-4809-A5CA-13450D687A2E}.Release|Any CPU.Deploy.0 = Release|Any CPU
		{7426C692-ACB5-4809-A5CA-13450D687A2E}.Release|iPhone.ActiveCfg = Release|Any CPU
		{7426C692-ACB5-4809-A5CA-13450D687A2E}.Release|iPhone.Build.0 = Release|Any CPU
		{7426C692-ACB5-4809-A5CA-13450D687A2E}.Release|iPhone.Deploy.0 = Release|Any CPU
		{7426C692-ACB5-4809-A5CA-13450D687A2E}.Release|iPhoneSimulator.ActiveCfg = Release|Any CPU
		{7426C692-ACB5-4809-A5CA-13450D687A2E}.Release|iPhoneSimulator.Build.0 = Release|Any CPU
		{7426C692-ACB5-4809-A5CA-13450D687A2E}.Release|iPhoneSimulator.Deploy.0 = Release|Any CPU
	EndGlobalSection
	GlobalSection(SolutionProperties) = preSolution
		HideSolutionNode = FALSE
	EndGlobalSection
	GlobalSection(ExtensibilityGlobals) = postSolution
		SolutionGuid = {FF845591-91AC-4C0D-8B9E-8C169BF6F62B}
	EndGlobalSection
EndGlobal
